Microsoft Visual Studio Solution File, Format Version 10.00
# Visual Studio 2008
Project("{8BC9CEB8-8B4A-11D0-8D11-00A0C91BC942}") = "zlib", "zlib\zlib.vcproj", "{EA7E289B-7038-46EE-ACBB-9D57127412C1}"
EndProject
Project("{8BC9CEB8-8B4A-11D0-8D11-00A0C91BC942}") = "png", "png\png.vcproj", "{36385457-EF20-4AC8-A635-4567DEFA6686}"
EndProject
Project("{8BC9CEB8-8B4A-11D0-8D11-00A0C91BC942}") = "png32_helper", "png32_helper\png32_helper.vcproj", "{BD08A08B-71A8-4647-92F9-C62CA43F4CF9}"
EndProject
Global
	GlobalSection(SolutionConfigurationPlatforms) = preSolution
		Debug|Win32 = Debug|Win32
		Debug|x64 = Debug|x64
		Release|Win32 = Release|Win32
		Release|x64 = Release|x64
	EndGlobalSection
	GlobalSection(ProjectConfigurationPlatforms) = postSolution
		{EA7E289B-7038-46EE-ACBB-9D57127412C1}.Debug|Win32.ActiveCfg = Debug|Win32
		{EA7E289B-7038-46EE-ACBB-9D57127412C1}.Debug|Win32.Build.0 = Debug|Win32
		{EA7E289B-7038-46EE-ACBB-9D57127412C1}.Debug|x64.ActiveCfg = Debug|x64
		{EA7E289B-7038-46EE-ACBB-9D57127412C1}.Debug|x64.Build.0 = Debug|x64
		{EA7E289B-7038-46EE-ACBB-9D57127412C1}.Release|Win32.ActiveCfg = Release|Win32
		{EA7E289B-7038-46EE-ACBB-9D57127412C1}.Release|Win32.Build.0 = Release|Win32
		{EA7E289B-7038-46EE-ACBB-9D57127412C1}.Release|x64.ActiveCfg = Release|x64
		{EA7E289B-7038-46EE-ACBB-9D57127412C1}.Release|x64.Build.0 = Release|x64
		{36385457-EF20-4AC8-A635-4567DEFA6686}.Debug|Win32.ActiveCfg = Debug|Win32
		{36385457-EF20-4AC8-A635-4567DEFA6686}.Debug|Win32.Build.0 = Debug|Win32
		{36385457-EF20-4AC8-A635-4567DEFA6686}.Debug|x64.ActiveCfg = Debug|x64
		{36385457-EF20-4AC8-A635-4567DEFA6686}.Debug|x64.Build.0 = Debug|x64
		{36385457-EF20-4AC8-A635-4567DEFA6686}.Release|Win32.ActiveCfg = Release|Win32
		{36385457-EF20-4AC8-A635-4567DEFA6686}.Release|Win32.Build.0 = Release|Win32
		{36385457-EF20-4AC8-A635-4567DEFA6686}.Release|x64.ActiveCfg = Release|x64
		{36385457-EF20-4AC8-A635-4567DEFA6686}.Release|x64.Build.0 = Release|x64
		{BD08A08B-71A8-4647-92F9-C62CA43F4CF9}.Debug|Win32.ActiveCfg = Debug|Win32
		{BD08A08B-71A8-4647-92F9-C62CA43F4CF9}.Debug|Win32.Build.0 = Debug|Win32
		{BD08A08B-71A8-4647-92F9-C62CA43F4CF9}.Debug|x64.ActiveCfg = Debug|x64
		{BD08A08B-71A8-4647-92F9-C62CA43F4CF9}.Debug|x64.Build.0 = Debug|x64
		{BD08A08B-71A8-4647-92F9-C62CA43F4CF9}.Release|Win32.ActiveCfg = Release|Win32
		{BD08A08B-71A8-4647-92F9-C62CA43F4CF9}.Release|Win32.Build.0 = Release|Win32
		{BD08A08B-71A8-4647-92F9-C62CA43F4CF9}.Release|x64.ActiveCfg = Release|x64
		{BD08A08B-71A8-4647-92F9-C62CA43F4CF9}.Release|x64.Build.0 = Release|x64
	EndGlobalSection
	GlobalSection(SolutionProperties) = preSolution
		HideSolutionNode = FALSE
	EndGlobalSection
EndGlobal
